
Microsoft Visual Studio Solution File, Format Version 12.00
# Visual Studio Version 17
VisualStudioVersion = 17.5.33516.290
MinimumVisualStudioVersion = 10.0.40219.1
Project("{FAE04EC0-301F-11D3-BF4B-00C04F79EFBC}") = "Odrunia-POS-System", "Odrunia-POS-System.csproj", "{49AA20FD-DF55-4455-A1D4-F8E46D02958D}"
EndProject
Global
	GlobalSection(SolutionConfigurationPlatforms) = preSolution
		Debug|Any CPU = Debug|Any CPU
		Release|Any CPU = Release|Any CPU
	EndGlobalSection
	GlobalSection(ProjectConfigurationPlatforms) = postSolution
		{49AA20FD-DF55-4455-A1D4-F8E46D02958D}.Debug|Any CPU.ActiveCfg = Debug|Any CPU
		{49AA20FD-DF55-4455-A1D4-F8E46D02958D}.Debug|Any CPU.Build.0 = Debug|Any CPU
		{49AA20FD-DF55-4455-A1D4-F8E46D02958D}.Release|Any CPU.ActiveCfg = Release|Any CPU
		{49AA20FD-DF55-4455-A1D4-F8E46D02958D}.Release|Any CPU.Build.0 = Release|Any CPU
	EndGlobalSection
	GlobalSection(SolutionProperties) = preSolution
		HideSolutionNode = FALSE
	EndGlobalSection
	GlobalSection(ExtensibilityGlobals) = postSolution
		SolutionGuid = {99398F1B-E76C-4DA0-983B-717993DDCC7D}
	EndGlobalSection
EndGlobal
